// !$*UTF8*$!
{
	archiveVersion = 1;
	classes = {
	};
	objectVersion = 56;
	objects = {

/* Begin PBXBuildFile section */
		1404743129643FE800140930 /* AppDelegate.swift in Sources */ = {isa = PBXBuildFile; fileRef = 1404743029643FE800140930 /* AppDelegate.swift */; };
		1404743329643FE800140930 /* SceneDelegate.swift in Sources */ = {isa = PBXBuildFile; fileRef = 1404743229643FE800140930 /* SceneDelegate.swift */; };
		1404743529643FE800140930 /* ImagesListViewController.swift in Sources */ = {isa = PBXBuildFile; fileRef = 1404743429643FE800140930 /* ImagesListViewController.swift */; };
		1404743829643FE800140930 /* Main.storyboard in Resources */ = {isa = PBXBuildFile; fileRef = 1404743629643FE800140930 /* Main.storyboard */; };
		1404743A29643FEA00140930 /* Assets.xcassets in Resources */ = {isa = PBXBuildFile; fileRef = 1404743929643FEA00140930 /* Assets.xcassets */; };
		1404743D29643FEA00140930 /* LaunchScreen.storyboard in Resources */ = {isa = PBXBuildFile; fileRef = 1404743B29643FEA00140930 /* LaunchScreen.storyboard */; };
		1417FA0B2965AA7D00CAC2A4 /* ImagesListCell.swift in Sources */ = {isa = PBXBuildFile; fileRef = 1417FA0A2965AA7D00CAC2A4 /* ImagesListCell.swift */; };
		1423BFC729ADFD6E0088818A /* SwiftKeychainWrapper in Frameworks */ = {isa = PBXBuildFile; productRef = 1423BFC629ADFD6E0088818A /* SwiftKeychainWrapper */; };
		1423BFC929AE0B250088818A /* TabBarController.swift in Sources */ = {isa = PBXBuildFile; fileRef = 1423BFC829AE0B250088818A /* TabBarController.swift */; };
		145B4FBD299D152E00978661 /* SplashViewController.swift in Sources */ = {isa = PBXBuildFile; fileRef = 145B4FBC299D152E00978661 /* SplashViewController.swift */; };
		145B4FBF299D1C9B00978661 /* OAuthService.swift in Sources */ = {isa = PBXBuildFile; fileRef = 145B4FBE299D1C9B00978661 /* OAuthService.swift */; };
		145B4FC1299D1D2D00978661 /* Network.swift in Sources */ = {isa = PBXBuildFile; fileRef = 145B4FC0299D1D2D00978661 /* Network.swift */; };
		1469A7D82969FB6F007C3AB4 /* SF-Pro-Text-Bold.otf in Resources */ = {isa = PBXBuildFile; fileRef = 1469A7D72969FB6F007C3AB4 /* SF-Pro-Text-Bold.otf */; };
		1469A7DA2969FB86007C3AB4 /* SF-Pro-Text-Regular.otf in Resources */ = {isa = PBXBuildFile; fileRef = 1469A7D92969FB86007C3AB4 /* SF-Pro-Text-Regular.otf */; };
		146E724D298825FA003E8690 /* Constants .swift in Sources */ = {isa = PBXBuildFile; fileRef = 146E724C298825FA003E8690 /* Constants .swift */; };
		146E724F298BAFD4003E8690 /* AuthViewController.swift in Sources */ = {isa = PBXBuildFile; fileRef = 146E724E298BAFD4003E8690 /* AuthViewController.swift */; };
		146E7252298BC94C003E8690 /* WebViewViewController.swift in Sources */ = {isa = PBXBuildFile; fileRef = 146E7251298BC94C003E8690 /* WebViewViewController.swift */; };
		14A4CCC92995268F00B05492 /* OAuthToken.swift in Sources */ = {isa = PBXBuildFile; fileRef = 14A4CCC82995268F00B05492 /* OAuthToken.swift */; };
		14B29FF02968B30D0029CC71 /* ProfileViewController.swift in Sources */ = {isa = PBXBuildFile; fileRef = 14B29FEF2968B30D0029CC71 /* ProfileViewController.swift */; };
		14BF400A29A1028C00C301EB /* ProgressHUD in Frameworks */ = {isa = PBXBuildFile; productRef = 14BF400929A1028C00C301EB /* ProgressHUD */; };
		14BF400C29A513D000C301EB /* UIBlockingProgressHUD.swift in Sources */ = {isa = PBXBuildFile; fileRef = 14BF400B29A513D000C301EB /* UIBlockingProgressHUD.swift */; };
		14BF400E29A5183800C301EB /* ProfileService.swift in Sources */ = {isa = PBXBuildFile; fileRef = 14BF400D29A5183800C301EB /* ProfileService.swift */; };
		14BF401129A7846100C301EB /* ProfileImageService.swift in Sources */ = {isa = PBXBuildFile; fileRef = 14BF401029A7846100C301EB /* ProfileImageService.swift */; };
		14BF403429AB620B00C301EB /* Kingfisher in Frameworks */ = {isa = PBXBuildFile; productRef = 14BF403329AB620B00C301EB /* Kingfisher */; };
		14D7B644296B26190083B46B /* SingleImageViewController.swift in Sources */ = {isa = PBXBuildFile; fileRef = 14D7B643296B26190083B46B /* SingleImageViewController.swift */; };
/* End PBXBuildFile section */

/* Begin PBXFileReference section */
		1404742D29643FE800140930 /* ImageFeed.app */ = {isa = PBXFileReference; explicitFileType = wrapper.application; includeInIndex = 0; path = ImageFeed.app; sourceTree = BUILT_PRODUCTS_DIR; };
		1404743029643FE800140930 /* AppDelegate.swift */ = {isa = PBXFileReference; lastKnownFileType = sourcecode.swift; path = AppDelegate.swift; sourceTree = "<group>"; };
		1404743229643FE800140930 /* SceneDelegate.swift */ = {isa = PBXFileReference; lastKnownFileType = sourcecode.swift; path = SceneDelegate.swift; sourceTree = "<group>"; };
		1404743429643FE800140930 /* ImagesListViewController.swift */ = {isa = PBXFileReference; lastKnownFileType = sourcecode.swift; path = ImagesListViewController.swift; sourceTree = "<group>"; };
		1404743729643FE800140930 /* Base */ = {isa = PBXFileReference; lastKnownFileType = file.storyboard; name = Base; path = Base.lproj/Main.storyboard; sourceTree = "<group>"; };
		1404743929643FEA00140930 /* Assets.xcassets */ = {isa = PBXFileReference; lastKnownFileType = folder.assetcatalog; path = Assets.xcassets; sourceTree = "<group>"; };
		1404743C29643FEA00140930 /* Base */ = {isa = PBXFileReference; lastKnownFileType = file.storyboard; name = Base; path = Base.lproj/LaunchScreen.storyboard; sourceTree = "<group>"; };
		1404743E29643FEA00140930 /* Info.plist */ = {isa = PBXFileReference; lastKnownFileType = text.plist.xml; path = Info.plist; sourceTree = "<group>"; };
		1417FA0A2965AA7D00CAC2A4 /* ImagesListCell.swift */ = {isa = PBXFileReference; lastKnownFileType = sourcecode.swift; path = ImagesListCell.swift; sourceTree = "<group>"; };
		1423BFC829AE0B250088818A /* TabBarController.swift */ = {isa = PBXFileReference; lastKnownFileType = sourcecode.swift; path = TabBarController.swift; sourceTree = "<group>"; };
		145B4FBC299D152E00978661 /* SplashViewController.swift */ = {isa = PBXFileReference; lastKnownFileType = sourcecode.swift; path = SplashViewController.swift; sourceTree = "<group>"; };
		145B4FBE299D1C9B00978661 /* OAuthService.swift */ = {isa = PBXFileReference; lastKnownFileType = sourcecode.swift; path = OAuthService.swift; sourceTree = "<group>"; };
		145B4FC0299D1D2D00978661 /* Network.swift */ = {isa = PBXFileReference; lastKnownFileType = sourcecode.swift; path = Network.swift; sourceTree = "<group>"; };
		1469A7D72969FB6F007C3AB4 /* SF-Pro-Text-Bold.otf */ = {isa = PBXFileReference; lastKnownFileType = file; path = "SF-Pro-Text-Bold.otf"; sourceTree = "<group>"; };
		1469A7D92969FB86007C3AB4 /* SF-Pro-Text-Regular.otf */ = {isa = PBXFileReference; lastKnownFileType = file; path = "SF-Pro-Text-Regular.otf"; sourceTree = "<group>"; };
		146E724C298825FA003E8690 /* Constants .swift */ = {isa = PBXFileReference; lastKnownFileType = sourcecode.swift; path = "Constants .swift"; sourceTree = "<group>"; };
		146E724E298BAFD4003E8690 /* AuthViewController.swift */ = {isa = PBXFileReference; lastKnownFileType = sourcecode.swift; path = AuthViewController.swift; sourceTree = "<group>"; };
		146E7251298BC94C003E8690 /* WebViewViewController.swift */ = {isa = PBXFileReference; lastKnownFileType = sourcecode.swift; path = WebViewViewController.swift; sourceTree = "<group>"; };
		14A4CCC82995268F00B05492 /* OAuthToken.swift */ = {isa = PBXFileReference; lastKnownFileType = sourcecode.swift; path = OAuthToken.swift; sourceTree = "<group>"; };
		14B29FEF2968B30D0029CC71 /* ProfileViewController.swift */ = {isa = PBXFileReference; lastKnownFileType = sourcecode.swift; path = ProfileViewController.swift; sourceTree = "<group>"; };
		14BF400B29A513D000C301EB /* UIBlockingProgressHUD.swift */ = {isa = PBXFileReference; lastKnownFileType = sourcecode.swift; path = UIBlockingProgressHUD.swift; sourceTree = "<group>"; };
		14BF400D29A5183800C301EB /* ProfileService.swift */ = {isa = PBXFileReference; lastKnownFileType = sourcecode.swift; path = ProfileService.swift; sourceTree = "<group>"; };
		14BF401029A7846100C301EB /* ProfileImageService.swift */ = {isa = PBXFileReference; lastKnownFileType = sourcecode.swift; path = ProfileImageService.swift; sourceTree = "<group>"; };
		14D7B643296B26190083B46B /* SingleImageViewController.swift */ = {isa = PBXFileReference; lastKnownFileType = sourcecode.swift; path = SingleImageViewController.swift; sourceTree = "<group>"; };
/* End PBXFileReference section */

/* Begin PBXFrameworksBuildPhase section */
		1404742A29643FE800140930 /* Frameworks */ = {
			isa = PBXFrameworksBuildPhase;
			buildActionMask = 2147483647;
			files = (
				14BF403429AB620B00C301EB /* Kingfisher in Frameworks */,
				14BF400A29A1028C00C301EB /* ProgressHUD in Frameworks */,
				1423BFC729ADFD6E0088818A /* SwiftKeychainWrapper in Frameworks */,
			);
			runOnlyForDeploymentPostprocessing = 0;
		};
/* End PBXFrameworksBuildPhase section */

/* Begin PBXGroup section */
		1404742429643FE800140930 = {
			isa = PBXGroup;
			children = (
				1404742F29643FE800140930 /* ImageFeed */,
				1404742E29643FE800140930 /* Products */,
			);
			sourceTree = "<group>";
		};
		1404742E29643FE800140930 /* Products */ = {
			isa = PBXGroup;
			children = (
				1404742D29643FE800140930 /* ImageFeed.app */,
			);
			name = Products;
			sourceTree = "<group>";
		};
		1404742F29643FE800140930 /* ImageFeed */ = {
			isa = PBXGroup;
			children = (
				14BF400B29A513D000C301EB /* UIBlockingProgressHUD.swift */,
				14BF400F29A5184100C301EB /* ProfileService */,
				1469A7D629698F74007C3AB4 /* Resources */,
				1404743029643FE800140930 /* AppDelegate.swift */,
				1404743229643FE800140930 /* SceneDelegate.swift */,
				14A4CCC72995266800B05492 /* OAuth */,
				146E7250298BB00A003E8690 /* Auth */,
				1458B8D1298117BE00CBC592 /* SingleImageView */,
				1445AD1D296B1E9C00CC472A /* Profile */,
				1417FA092965A83A00CAC2A4 /* ImagesList */,
				1404743629643FE800140930 /* Main.storyboard */,
				1423BFC829AE0B250088818A /* TabBarController.swift */,
				146E724C298825FA003E8690 /* Constants .swift */,
				1404743929643FEA00140930 /* Assets.xcassets */,
				1404743B29643FEA00140930 /* LaunchScreen.storyboard */,
				1404743E29643FEA00140930 /* Info.plist */,
			);
			path = ImageFeed;
			sourceTree = "<group>";
		};
		1417FA092965A83A00CAC2A4 /* ImagesList */ = {
			isa = PBXGroup;
			children = (
				1417FA0A2965AA7D00CAC2A4 /* ImagesListCell.swift */,
				1404743429643FE800140930 /* ImagesListViewController.swift */,
			);
			path = ImagesList;
			sourceTree = "<group>";
		};
		1445AD1D296B1E9C00CC472A /* Profile */ = {
			isa = PBXGroup;
			children = (
				14B29FEF2968B30D0029CC71 /* ProfileViewController.swift */,
			);
			path = Profile;
			sourceTree = "<group>";
		};
		1458B8D1298117BE00CBC592 /* SingleImageView */ = {
			isa = PBXGroup;
			children = (
				14D7B643296B26190083B46B /* SingleImageViewController.swift */,
			);
			path = SingleImageView;
			sourceTree = "<group>";
		};
		1469A7D629698F74007C3AB4 /* Resources */ = {
			isa = PBXGroup;
			children = (
				1469A7D72969FB6F007C3AB4 /* SF-Pro-Text-Bold.otf */,
				1469A7D92969FB86007C3AB4 /* SF-Pro-Text-Regular.otf */,
			);
			path = Resources;
			sourceTree = "<group>";
		};
		146E7250298BB00A003E8690 /* Auth */ = {
			isa = PBXGroup;
			children = (
				146E724E298BAFD4003E8690 /* AuthViewController.swift */,
				146E7251298BC94C003E8690 /* WebViewViewController.swift */,
				145B4FBC299D152E00978661 /* SplashViewController.swift */,
			);
			path = Auth;
			sourceTree = "<group>";
		};
		14A4CCC72995266800B05492 /* OAuth */ = {
			isa = PBXGroup;
			children = (
				14A4CCC82995268F00B05492 /* OAuthToken.swift */,
				145B4FBE299D1C9B00978661 /* OAuthService.swift */,
				145B4FC0299D1D2D00978661 /* Network.swift */,
			);
			path = OAuth;
			sourceTree = "<group>";
		};
		14BF400F29A5184100C301EB /* ProfileService */ = {
			isa = PBXGroup;
			children = (
				14BF400D29A5183800C301EB /* ProfileService.swift */,
				14BF401029A7846100C301EB /* ProfileImageService.swift */,
			);
			path = ProfileService;
			sourceTree = "<group>";
		};
/* End PBXGroup section */

/* Begin PBXNativeTarget section */
		1404742C29643FE800140930 /* ImageFeed */ = {
			isa = PBXNativeTarget;
			buildConfigurationList = 1404744129643FEA00140930 /* Build configuration list for PBXNativeTarget "ImageFeed" */;
			buildPhases = (
				1404742929643FE800140930 /* Sources */,
				1404742A29643FE800140930 /* Frameworks */,
				1404742B29643FE800140930 /* Resources */,
			);
			buildRules = (
			);
			dependencies = (
			);
			name = ImageFeed;
			packageProductDependencies = (
				14BF400929A1028C00C301EB /* ProgressHUD */,
				14BF403329AB620B00C301EB /* Kingfisher */,
				1423BFC629ADFD6E0088818A /* SwiftKeychainWrapper */,
			);
			productName = ImageFeed;
			productReference = 1404742D29643FE800140930 /* ImageFeed.app */;
			productType = "com.apple.product-type.application";
		};
/* End PBXNativeTarget section */

/* Begin PBXProject section */
		1404742529643FE800140930 /* Project object */ = {
			isa = PBXProject;
			attributes = {
				BuildIndependentTargetsInParallel = 1;
				LastSwiftUpdateCheck = 1400;
				LastUpgradeCheck = 1400;
				TargetAttributes = {
					1404742C29643FE800140930 = {
						CreatedOnToolsVersion = 14.0.1;
					};
				};
			};
			buildConfigurationList = 1404742829643FE800140930 /* Build configuration list for PBXProject "ImageFeed" */;
			compatibilityVersion = "Xcode 14.0";
			developmentRegion = en;
			hasScannedForEncodings = 0;
			knownRegions = (
				en,
				Base,
			);
			mainGroup = 1404742429643FE800140930;
			packageReferences = (
				14BF400829A1028C00C301EB /* XCRemoteSwiftPackageReference "ProgressHUD" */,
				14BF403229AB620B00C301EB /* XCRemoteSwiftPackageReference "Kingfisher" */,
				1423BFC529ADFD6E0088818A /* XCRemoteSwiftPackageReference "SwiftKeychainWrapper" */,
			);
			productRefGroup = 1404742E29643FE800140930 /* Products */;
			projectDirPath = "";
			projectRoot = "";
			targets = (
				1404742C29643FE800140930 /* ImageFeed */,
			);
		};
/* End PBXProject section */

/* Begin PBXResourcesBuildPhase section */
		1404742B29643FE800140930 /* Resources */ = {
			isa = PBXResourcesBuildPhase;
			buildActionMask = 2147483647;
			files = (
				1404743D29643FEA00140930 /* LaunchScreen.storyboard in Resources */,
				1469A7DA2969FB86007C3AB4 /* SF-Pro-Text-Regular.otf in Resources */,
				1404743A29643FEA00140930 /* Assets.xcassets in Resources */,
				1469A7D82969FB6F007C3AB4 /* SF-Pro-Text-Bold.otf in Resources */,
				1404743829643FE800140930 /* Main.storyboard in Resources */,
			);
			runOnlyForDeploymentPostprocessing = 0;
		};
/* End PBXResourcesBuildPhase section */

/* Begin PBXSourcesBuildPhase section */
		1404742929643FE800140930 /* Sources */ = {
			isa = PBXSourcesBuildPhase;
			buildActionMask = 2147483647;
			files = (
				145B4FC1299D1D2D00978661 /* Network.swift in Sources */,
				1404743529643FE800140930 /* ImagesListViewController.swift in Sources */,
				1417FA0B2965AA7D00CAC2A4 /* ImagesListCell.swift in Sources */,
				14B29FF02968B30D0029CC71 /* ProfileViewController.swift in Sources */,
				145B4FBF299D1C9B00978661 /* OAuthService.swift in Sources */,
				1404743129643FE800140930 /* AppDelegate.swift in Sources */,
				1423BFC929AE0B250088818A /* TabBarController.swift in Sources */,
				146E724F298BAFD4003E8690 /* AuthViewController.swift in Sources */,
				146E724D298825FA003E8690 /* Constants .swift in Sources */,
				14D7B644296B26190083B46B /* SingleImageViewController.swift in Sources */,
				14BF401129A7846100C301EB /* ProfileImageService.swift in Sources */,
				14A4CCC92995268F00B05492 /* OAuthToken.swift in Sources */,
				146E7252298BC94C003E8690 /* WebViewViewController.swift in Sources */,
				1404743329643FE800140930 /* SceneDelegate.swift in Sources */,
				145B4FBD299D152E00978661 /* SplashViewController.swift in Sources */,
				14BF400C29A513D000C301EB /* UIBlockingProgressHUD.swift in Sources */,
				14BF400E29A5183800C301EB /* ProfileService.swift in Sources */,
			);
			runOnlyForDeploymentPostprocessing = 0;
		};
/* End PBXSourcesBuildPhase section */

/* Begin PBXVariantGroup section */
		1404743629643FE800140930 /* Main.storyboard */ = {
			isa = PBXVariantGroup;
			children = (
				1404743729643FE800140930 /* Base */,
			);
			name = Main.storyboard;
			sourceTree = "<group>";
		};
		1404743B29643FEA00140930 /* LaunchScreen.storyboard */ = {
			isa = PBXVariantGroup;
			children = (
				1404743C29643FEA00140930 /* Base */,
			);
			name = LaunchScreen.storyboard;
			sourceTree = "<group>";
		};
/* End PBXVariantGroup section */

/* Begin XCBuildConfiguration section */
		1404743F29643FEA00140930 /* Debug */ = {
			isa = XCBuildConfiguration;
			buildSettings = {
				ALWAYS_SEARCH_USER_PATHS = NO;
				CLANG_ANALYZER_NONNULL = YES;
				CLANG_ANALYZER_NUMBER_OBJECT_CONVERSION = YES_AGGRESSIVE;
				CLANG_CXX_LANGUAGE_STANDARD = "gnu++20";
				CLANG_ENABLE_MODULES = YES;
				CLANG_ENABLE_OBJC_ARC = YES;
				CLANG_ENABLE_OBJC_WEAK = YES;
				CLANG_WARN_BLOCK_CAPTURE_AUTORELEASING = YES;
				CLANG_WARN_BOOL_CONVERSION = YES;
				CLANG_WARN_COMMA = YES;
				CLANG_WARN_CONSTANT_CONVERSION = YES;
				CLANG_WARN_DEPRECATED_OBJC_IMPLEMENTATIONS = YES;
				CLANG_WARN_DIRECT_OBJC_ISA_USAGE = YES_ERROR;
				CLANG_WARN_DOCUMENTATION_COMMENTS = YES;
				CLANG_WARN_EMPTY_BODY = YES;
				CLANG_WARN_ENUM_CONVERSION = YES;
				CLANG_WARN_INFINITE_RECURSION = YES;
				CLANG_WARN_INT_CONVERSION = YES;
				CLANG_WARN_NON_LITERAL_NULL_CONVERSION = YES;
				CLANG_WARN_OBJC_IMPLICIT_RETAIN_SELF = YES;
				CLANG_WARN_OBJC_LITERAL_CONVERSION = YES;
				CLANG_WARN_OBJC_ROOT_CLASS = YES_ERROR;
				CLANG_WARN_QUOTED_INCLUDE_IN_FRAMEWORK_HEADER = YES;
				CLANG_WARN_RANGE_LOOP_ANALYSIS = YES;
				CLANG_WARN_STRICT_PROTOTYPES = YES;
				CLANG_WARN_SUSPICIOUS_MOVE = YES;
				CLANG_WARN_UNGUARDED_AVAILABILITY = YES_AGGRESSIVE;
				CLANG_WARN_UNREACHABLE_CODE = YES;
				CLANG_WARN__DUPLICATE_METHOD_MATCH = YES;
				COPY_PHASE_STRIP = NO;
				DEBUG_INFORMATION_FORMAT = dwarf;
				ENABLE_STRICT_OBJC_MSGSEND = YES;
				ENABLE_TESTABILITY = YES;
				GCC_C_LANGUAGE_STANDARD = gnu11;
				GCC_DYNAMIC_NO_PIC = NO;
				GCC_NO_COMMON_BLOCKS = YES;
				GCC_OPTIMIZATION_LEVEL = 0;
				GCC_PREPROCESSOR_DEFINITIONS = (
					"DEBUG=1",
					"$(inherited)",
				);
				GCC_WARN_64_TO_32_BIT_CONVERSION = YES;
				GCC_WARN_ABOUT_RETURN_TYPE = YES_ERROR;
				GCC_WARN_UNDECLARED_SELECTOR = YES;
				GCC_WARN_UNINITIALIZED_AUTOS = YES_AGGRESSIVE;
				GCC_WARN_UNUSED_FUNCTION = YES;
				GCC_WARN_UNUSED_VARIABLE = YES;
				IPHONEOS_DEPLOYMENT_TARGET = 13.0;
				MTL_ENABLE_DEBUG_INFO = INCLUDE_SOURCE;
				MTL_FAST_MATH = YES;
				ONLY_ACTIVE_ARCH = YES;
				SDKROOT = iphoneos;
				SWIFT_ACTIVE_COMPILATION_CONDITIONS = DEBUG;
				SWIFT_OPTIMIZATION_LEVEL = "-Onone";
			};
			name = Debug;
		};
		1404744029643FEA00140930 /* Release */ = {
			isa = XCBuildConfiguration;
			buildSettings = {
				ALWAYS_SEARCH_USER_PATHS = NO;
				CLANG_ANALYZER_NONNULL = YES;
				CLANG_ANALYZER_NUMBER_OBJECT_CONVERSION = YES_AGGRESSIVE;
				CLANG_CXX_LANGUAGE_STANDARD = "gnu++20";
				CLANG_ENABLE_MODULES = YES;
				CLANG_ENABLE_OBJC_ARC = YES;
				CLANG_ENABLE_OBJC_WEAK = YES;
				CLANG_WARN_BLOCK_CAPTURE_AUTORELEASING = YES;
				CLANG_WARN_BOOL_CONVERSION = YES;
				CLANG_WARN_COMMA = YES;
				CLANG_WARN_CONSTANT_CONVERSION = YES;
				CLANG_WARN_DEPRECATED_OBJC_IMPLEMENTATIONS = YES;
				CLANG_WARN_DIRECT_OBJC_ISA_USAGE = YES_ERROR;
				CLANG_WARN_DOCUMENTATION_COMMENTS = YES;
				CLANG_WARN_EMPTY_BODY = YES;
				CLANG_WARN_ENUM_CONVERSION = YES;
				CLANG_WARN_INFINITE_RECURSION = YES;
				CLANG_WARN_INT_CONVERSION = YES;
				CLANG_WARN_NON_LITERAL_NULL_CONVERSION = YES;
				CLANG_WARN_OBJC_IMPLICIT_RETAIN_SELF = YES;
				CLANG_WARN_OBJC_LITERAL_CONVERSION = YES;
				CLANG_WARN_OBJC_ROOT_CLASS = YES_ERROR;
				CLANG_WARN_QUOTED_INCLUDE_IN_FRAMEWORK_HEADER = YES;
				CLANG_WARN_RANGE_LOOP_ANALYSIS = YES;
				CLANG_WARN_STRICT_PROTOTYPES = YES;
				CLANG_WARN_SUSPICIOUS_MOVE = YES;
				CLANG_WARN_UNGUARDED_AVAILABILITY = YES_AGGRESSIVE;
				CLANG_WARN_UNREACHABLE_CODE = YES;
				CLANG_WARN__DUPLICATE_METHOD_MATCH = YES;
				COPY_PHASE_STRIP = NO;
				DEBUG_INFORMATION_FORMAT = "dwarf-with-dsym";
				ENABLE_NS_ASSERTIONS = NO;
				ENABLE_STRICT_OBJC_MSGSEND = YES;
				GCC_C_LANGUAGE_STANDARD = gnu11;
				GCC_NO_COMMON_BLOCKS = YES;
				GCC_WARN_64_TO_32_BIT_CONVERSION = YES;
				GCC_WARN_ABOUT_RETURN_TYPE = YES_ERROR;
				GCC_WARN_UNDECLARED_SELECTOR = YES;
				GCC_WARN_UNINITIALIZED_AUTOS = YES_AGGRESSIVE;
				GCC_WARN_UNUSED_FUNCTION = YES;
				GCC_WARN_UNUSED_VARIABLE = YES;
				IPHONEOS_DEPLOYMENT_TARGET = 13.0;
				MTL_ENABLE_DEBUG_INFO = NO;
				MTL_FAST_MATH = YES;
				SDKROOT = iphoneos;
				SWIFT_COMPILATION_MODE = wholemodule;
				SWIFT_OPTIMIZATION_LEVEL = "-O";
				VALIDATE_PRODUCT = YES;
			};
			name = Release;
		};
		1404744229643FEA00140930 /* Debug */ = {
			isa = XCBuildConfiguration;
			buildSettings = {
				ASSETCATALOG_COMPILER_APPICON_NAME = AppIcon;
				ASSETCATALOG_COMPILER_GLOBAL_ACCENT_COLOR_NAME = AccentColor;
				CODE_SIGN_STYLE = Automatic;
				CURRENT_PROJECT_VERSION = 1;
				DEVELOPMENT_TEAM = 4BHXS32XA7;
				GENERATE_INFOPLIST_FILE = YES;
				INFOPLIST_FILE = ImageFeed/Info.plist;
				INFOPLIST_KEY_UIApplicationSupportsIndirectInputEvents = YES;
				INFOPLIST_KEY_UILaunchStoryboardName = LaunchScreen;
				INFOPLIST_KEY_UIMainStoryboardFile = Main;
				INFOPLIST_KEY_UISupportedInterfaceOrientations = UIInterfaceOrientationPortrait;
				IPHONEOS_DEPLOYMENT_TARGET = 13.0;
				LD_RUNPATH_SEARCH_PATHS = (
					"$(inherited)",
					"@executable_path/Frameworks",
				);
				MARKETING_VERSION = 1.0;
				PRODUCT_BUNDLE_IDENTIFIER = ru.stealcompass.ImageFeed;
				PRODUCT_NAME = "$(TARGET_NAME)";
				SUPPORTED_PLATFORMS = "iphoneos iphonesimulator";
				SUPPORTS_MACCATALYST = NO;
				SUPPORTS_MAC_DESIGNED_FOR_IPHONE_IPAD = YES;
				SWIFT_EMIT_LOC_STRINGS = YES;
				SWIFT_VERSION = 5.0;
				TARGETED_DEVICE_FAMILY = 1;
			};
			name = Debug;
		};
		1404744329643FEA00140930 /* Release */ = {
			isa = XCBuildConfiguration;
			buildSettings = {
				ASSETCATALOG_COMPILER_APPICON_NAME = AppIcon;
				ASSETCATALOG_COMPILER_GLOBAL_ACCENT_COLOR_NAME = AccentColor;
				CODE_SIGN_STYLE = Automatic;
				CURRENT_PROJECT_VERSION = 1;
				DEVELOPMENT_TEAM = 4BHXS32XA7;
				GENERATE_INFOPLIST_FILE = YES;
				INFOPLIST_FILE = ImageFeed/Info.plist;
				INFOPLIST_KEY_UIApplicationSupportsIndirectInputEvents = YES;
				INFOPLIST_KEY_UILaunchStoryboardName = LaunchScreen;
				INFOPLIST_KEY_UIMainStoryboardFile = Main;
				INFOPLIST_KEY_UISupportedInterfaceOrientations = UIInterfaceOrientationPortrait;
				IPHONEOS_DEPLOYMENT_TARGET = 13.0;
				LD_RUNPATH_SEARCH_PATHS = (
					"$(inherited)",
					"@executable_path/Frameworks",
				);
				MARKETING_VERSION = 1.0;
				PRODUCT_BUNDLE_IDENTIFIER = ru.stealcompass.ImageFeed;
				PRODUCT_NAME = "$(TARGET_NAME)";
				SUPPORTED_PLATFORMS = "iphoneos iphonesimulator";
				SUPPORTS_MACCATALYST = NO;
				SUPPORTS_MAC_DESIGNED_FOR_IPHONE_IPAD = YES;
				SWIFT_EMIT_LOC_STRINGS = YES;
				SWIFT_VERSION = 5.0;
				TARGETED_DEVICE_FAMILY = 1;
			};
			name = Release;
		};
/* End XCBuildConfiguration section */

/* Begin XCConfigurationList section */
		1404742829643FE800140930 /* Build configuration list for PBXProject "ImageFeed" */ = {
			isa = XCConfigurationList;
			buildConfigurations = (
				1404743F29643FEA00140930 /* Debug */,
				1404744029643FEA00140930 /* Release */,
			);
			defaultConfigurationIsVisible = 0;
			defaultConfigurationName = Release;
		};
		1404744129643FEA00140930 /* Build configuration list for PBXNativeTarget "ImageFeed" */ = {
			isa = XCConfigurationList;
			buildConfigurations = (
				1404744229643FEA00140930 /* Debug */,
				1404744329643FEA00140930 /* Release */,
			);
			defaultConfigurationIsVisible = 0;
			defaultConfigurationName = Release;
		};
/* End XCConfigurationList section */

/* Begin XCRemoteSwiftPackageReference section */
		1423BFC529ADFD6E0088818A /* XCRemoteSwiftPackageReference "SwiftKeychainWrapper" */ = {
			isa = XCRemoteSwiftPackageReference;
			repositoryURL = "https://github.com/jrendel/SwiftKeychainWrapper";
			requirement = {
				kind = upToNextMajorVersion;
				minimumVersion = 4.0.0;
			};
		};
		14BF400829A1028C00C301EB /* XCRemoteSwiftPackageReference "ProgressHUD" */ = {
			isa = XCRemoteSwiftPackageReference;
			repositoryURL = "https://github.com/relatedcode/ProgressHUD";
			requirement = {
				kind = upToNextMajorVersion;
				minimumVersion = 13.0.0;
			};
		};
		14BF403229AB620B00C301EB /* XCRemoteSwiftPackageReference "Kingfisher" */ = {
			isa = XCRemoteSwiftPackageReference;
			repositoryURL = "https://github.com/onevcat/Kingfisher";
			requirement = {
				kind = upToNextMajorVersion;
				minimumVersion = 7.0.0;
			};
		};
/* End XCRemoteSwiftPackageReference section */

/* Begin XCSwiftPackageProductDependency section */
		1423BFC629ADFD6E0088818A /* SwiftKeychainWrapper */ = {
			isa = XCSwiftPackageProductDependency;
			package = 1423BFC529ADFD6E0088818A /* XCRemoteSwiftPackageReference "SwiftKeychainWrapper" */;
			productName = SwiftKeychainWrapper;
		};
		14BF400929A1028C00C301EB /* ProgressHUD */ = {
			isa = XCSwiftPackageProductDependency;
			package = 14BF400829A1028C00C301EB /* XCRemoteSwiftPackageReference "ProgressHUD" */;
			productName = ProgressHUD;
		};
		14BF403329AB620B00C301EB /* Kingfisher */ = {
			isa = XCSwiftPackageProductDependency;
			package = 14BF403229AB620B00C301EB /* XCRemoteSwiftPackageReference "Kingfisher" */;
			productName = Kingfisher;
		};
/* End XCSwiftPackageProductDependency section */
	};
	rootObject = 1404742529643FE800140930 /* Project object */;
}
